# THIS IS AN AUTOGENERATED FILE. DO NOT EDIT THIS FILE DIRECTLY.
# yarn lockfile v1


node-fetch@^2.6.1:
  version "2.6.1"
  resolved "https://registry.yarnpkg.com/node-fetch/-/node-fetch-2.6.1.tgz#045bd323631f76ed2e2b55573394416b639a0052"
  integrity sha512-V4aYg89jEoVRxRb2fJdAg8FHvI7cEyYdVAh94HH0UIK8oJxUfkjlDQN9RbMx+bEjP7+ggMiFRprSti032Oipxw==

tmi.js@^1.8.3:
  version "1.8.3"
  resolved "https://registry.yarnpkg.com/tmi.js/-/tmi.js-1.8.3.tgz#1a4e30c845442505e6f673d0da8740bbd39c4ed6"
  integrity sha512-1YAO3hwnkpAbUfVlpxcqOHP4Nun/+TqxWE/e/ZKMB6p40ZKczhI03oZW2Qx3pppqWjXz5kSjHdT/vTTfi2gCGQ==
  dependencies:
    node-fetch "^2.6.1"
    ws "^7.4.3"

ws@^7.4.3:
  version "7.5.3"
  resolved "https://registry.yarnpkg.com/ws/-/ws-7.5.3.tgz#160835b63c7d97bfab418fc1b8a9fced2ac01a74"
  integrity sha512-kQ/dHIzuLrS6Je9+uv81ueZomEwH0qVYstcAQ4/Z93K8zeko9gtAbttJWzoC5ukqXY1PpoouV3+VSOqEAFt5wg==

yarn@^1.22.11:
  version "1.22.11"
  resolved "https://registry.yarnpkg.com/yarn/-/yarn-1.22.11.tgz#d0104043e7349046e0e2aec977c24be106925ed6"
  integrity sha512-AWje4bzqO9RUn3sdnM5N8n4ZJ0BqCc/kqFJvpOI5/EVkINXui0yuvU7NDCEF//+WaxHuNay2uOHxA4+tq1P3cg==
